// !$*UTF8*$!
{
	archiveVersion = 1;
	classes = {
	};
	objectVersion = 55;
	objects = {

/* Begin PBXBuildFile section */
		90E2D003F929047D7EA439CC /* Pods_Unsplash_WithRxSwift.framework in Frameworks */ = {isa = PBXBuildFile; fileRef = 18D53AB24EA7C38BD1585A2E /* Pods_Unsplash_WithRxSwift.framework */; };
		BDFBB33D27158D4500271907 /* AppDelegate.swift in Sources */ = {isa = PBXBuildFile; fileRef = BDFBB33C27158D4500271907 /* AppDelegate.swift */; };
		BDFBB33F27158D4500271907 /* SceneDelegate.swift in Sources */ = {isa = PBXBuildFile; fileRef = BDFBB33E27158D4500271907 /* SceneDelegate.swift */; };
		BDFBB34627158D4700271907 /* Assets.xcassets in Resources */ = {isa = PBXBuildFile; fileRef = BDFBB34527158D4700271907 /* Assets.xcassets */; };
		BDFBB34927158D4700271907 /* LaunchScreen.storyboard in Resources */ = {isa = PBXBuildFile; fileRef = BDFBB34727158D4700271907 /* LaunchScreen.storyboard */; };
		BDFBB3582715D8EC00271907 /* MainStoryboard.storyboard in Resources */ = {isa = PBXBuildFile; fileRef = BDFBB3572715D8EC00271907 /* MainStoryboard.storyboard */; };
		BDFBB35A2715D8FC00271907 /* MainViewController.swift in Sources */ = {isa = PBXBuildFile; fileRef = BDFBB3592715D8FC00271907 /* MainViewController.swift */; };
		BDFBB3612715DA6400271907 /* ExtensionEmpty.swift in Sources */ = {isa = PBXBuildFile; fileRef = BDFBB3602715DA6400271907 /* ExtensionEmpty.swift */; };
		BDFBB3632715DA6C00271907 /* ViewEmpty.swift in Sources */ = {isa = PBXBuildFile; fileRef = BDFBB3622715DA6C00271907 /* ViewEmpty.swift */; };
		BDFBB3652715DA7400271907 /* ModelEmpty.swift in Sources */ = {isa = PBXBuildFile; fileRef = BDFBB3642715DA7300271907 /* ModelEmpty.swift */; };
		BDFBB3672715DA7A00271907 /* ViewModelEmpty.swift in Sources */ = {isa = PBXBuildFile; fileRef = BDFBB3662715DA7A00271907 /* ViewModelEmpty.swift */; };
/* End PBXBuildFile section */

/* Begin PBXFileReference section */
		18D53AB24EA7C38BD1585A2E /* Pods_Unsplash_WithRxSwift.framework */ = {isa = PBXFileReference; explicitFileType = wrapper.framework; includeInIndex = 0; path = Pods_Unsplash_WithRxSwift.framework; sourceTree = BUILT_PRODUCTS_DIR; };
		B9866AD2817E93F934EEC035 /* Pods-Unsplash-WithRxSwift.release.xcconfig */ = {isa = PBXFileReference; includeInIndex = 1; lastKnownFileType = text.xcconfig; name = "Pods-Unsplash-WithRxSwift.release.xcconfig"; path = "Target Support Files/Pods-Unsplash-WithRxSwift/Pods-Unsplash-WithRxSwift.release.xcconfig"; sourceTree = "<group>"; };
		BDFBB33927158D4500271907 /* Unsplash-WithRxSwift.app */ = {isa = PBXFileReference; explicitFileType = wrapper.application; includeInIndex = 0; path = "Unsplash-WithRxSwift.app"; sourceTree = BUILT_PRODUCTS_DIR; };
		BDFBB33C27158D4500271907 /* AppDelegate.swift */ = {isa = PBXFileReference; lastKnownFileType = sourcecode.swift; path = AppDelegate.swift; sourceTree = "<group>"; };
		BDFBB33E27158D4500271907 /* SceneDelegate.swift */ = {isa = PBXFileReference; lastKnownFileType = sourcecode.swift; path = SceneDelegate.swift; sourceTree = "<group>"; };
		BDFBB34527158D4700271907 /* Assets.xcassets */ = {isa = PBXFileReference; lastKnownFileType = folder.assetcatalog; path = Assets.xcassets; sourceTree = "<group>"; };
		BDFBB34827158D4700271907 /* Base */ = {isa = PBXFileReference; lastKnownFileType = file.storyboard; name = Base; path = Base.lproj/LaunchScreen.storyboard; sourceTree = "<group>"; };
		BDFBB34A27158D4700271907 /* Info.plist */ = {isa = PBXFileReference; lastKnownFileType = text.plist.xml; path = Info.plist; sourceTree = "<group>"; };
		BDFBB3572715D8EC00271907 /* MainStoryboard.storyboard */ = {isa = PBXFileReference; lastKnownFileType = file.storyboard; path = MainStoryboard.storyboard; sourceTree = "<group>"; };
		BDFBB3592715D8FC00271907 /* MainViewController.swift */ = {isa = PBXFileReference; lastKnownFileType = sourcecode.swift; path = MainViewController.swift; sourceTree = "<group>"; };
		BDFBB3602715DA6400271907 /* ExtensionEmpty.swift */ = {isa = PBXFileReference; lastKnownFileType = sourcecode.swift; path = ExtensionEmpty.swift; sourceTree = "<group>"; };
		BDFBB3622715DA6C00271907 /* ViewEmpty.swift */ = {isa = PBXFileReference; lastKnownFileType = sourcecode.swift; path = ViewEmpty.swift; sourceTree = "<group>"; };
		BDFBB3642715DA7300271907 /* ModelEmpty.swift */ = {isa = PBXFileReference; lastKnownFileType = sourcecode.swift; path = ModelEmpty.swift; sourceTree = "<group>"; };
		BDFBB3662715DA7A00271907 /* ViewModelEmpty.swift */ = {isa = PBXFileReference; lastKnownFileType = sourcecode.swift; path = ViewModelEmpty.swift; sourceTree = "<group>"; };
		F1DE6D184DDDF22ABAA61FFF /* Pods-Unsplash-WithRxSwift.debug.xcconfig */ = {isa = PBXFileReference; includeInIndex = 1; lastKnownFileType = text.xcconfig; name = "Pods-Unsplash-WithRxSwift.debug.xcconfig"; path = "Target Support Files/Pods-Unsplash-WithRxSwift/Pods-Unsplash-WithRxSwift.debug.xcconfig"; sourceTree = "<group>"; };
/* End PBXFileReference section */

/* Begin PBXFrameworksBuildPhase section */
		BDFBB33627158D4500271907 /* Frameworks */ = {
			isa = PBXFrameworksBuildPhase;
			buildActionMask = 2147483647;
			files = (
				90E2D003F929047D7EA439CC /* Pods_Unsplash_WithRxSwift.framework in Frameworks */,
			);
			runOnlyForDeploymentPostprocessing = 0;
		};
/* End PBXFrameworksBuildPhase section */

/* Begin PBXGroup section */
		452CE9BB2D3755F49CEDB46C /* Pods */ = {
			isa = PBXGroup;
			children = (
				F1DE6D184DDDF22ABAA61FFF /* Pods-Unsplash-WithRxSwift.debug.xcconfig */,
				B9866AD2817E93F934EEC035 /* Pods-Unsplash-WithRxSwift.release.xcconfig */,
			);
			path = Pods;
			sourceTree = "<group>";
		};
		686CE6CBDDAA624751E98903 /* Frameworks */ = {
			isa = PBXGroup;
			children = (
				18D53AB24EA7C38BD1585A2E /* Pods_Unsplash_WithRxSwift.framework */,
			);
			name = Frameworks;
			sourceTree = "<group>";
		};
		BD60EE77271D9FFC0051AF67 /* Utils */ = {
			isa = PBXGroup;
			children = (
				BDFBB35527158DC700271907 /* Extensions */,
			);
			path = Utils;
			sourceTree = "<group>";
		};
		BDFBB33027158D4500271907 = {
			isa = PBXGroup;
			children = (
				BDFBB33B27158D4500271907 /* Unsplash-WithRxSwift */,
				BDFBB33A27158D4500271907 /* Products */,
				452CE9BB2D3755F49CEDB46C /* Pods */,
				686CE6CBDDAA624751E98903 /* Frameworks */,
			);
			sourceTree = "<group>";
		};
		BDFBB33A27158D4500271907 /* Products */ = {
			isa = PBXGroup;
			children = (
				BDFBB33927158D4500271907 /* Unsplash-WithRxSwift.app */,
			);
			name = Products;
			sourceTree = "<group>";
		};
		BDFBB33B27158D4500271907 /* Unsplash-WithRxSwift */ = {
			isa = PBXGroup;
			children = (
				BDFBB35B2715D9E300271907 /* App */,
				BD60EE77271D9FFC0051AF67 /* Utils */,
				BDFBB35627158DCB00271907 /* Views */,
				BDFBB35D2715DA2100271907 /* Models */,
				BDFBB35E2715DA2B00271907 /* ViewModels */,
				BDFBB35F2715DA4400271907 /* Screens */,
				BDFBB35027158D9F00271907 /* Supports */,
			);
			path = "Unsplash-WithRxSwift";
			sourceTree = "<group>";
		};
		BDFBB35027158D9F00271907 /* Supports */ = {
			isa = PBXGroup;
			children = (
				BDFBB34527158D4700271907 /* Assets.xcassets */,
				BDFBB34A27158D4700271907 /* Info.plist */,
			);
			path = Supports;
			sourceTree = "<group>";
		};
		BDFBB35327158DBD00271907 /* Controllers */ = {
			isa = PBXGroup;
			children = (
				BDFBB3592715D8FC00271907 /* MainViewController.swift */,
			);
			path = Controllers;
			sourceTree = "<group>";
		};
		BDFBB35427158DC100271907 /* Storyboards */ = {
			isa = PBXGroup;
			children = (
				BDFBB34727158D4700271907 /* LaunchScreen.storyboard */,
				BDFBB3572715D8EC00271907 /* MainStoryboard.storyboard */,
			);
			path = Storyboards;
			sourceTree = "<group>";
		};
		BDFBB35527158DC700271907 /* Extensions */ = {
			isa = PBXGroup;
			children = (
				BDFBB3602715DA6400271907 /* ExtensionEmpty.swift */,
			);
			path = Extensions;
			sourceTree = "<group>";
		};
		BDFBB35627158DCB00271907 /* Views */ = {
			isa = PBXGroup;
			children = (
				BDFBB3622715DA6C00271907 /* ViewEmpty.swift */,
			);
			path = Views;
			sourceTree = "<group>";
		};
		BDFBB35B2715D9E300271907 /* App */ = {
			isa = PBXGroup;
			children = (
				BDFBB33C27158D4500271907 /* AppDelegate.swift */,
				BDFBB33E27158D4500271907 /* SceneDelegate.swift */,
			);
			path = App;
			sourceTree = "<group>";
		};
		BDFBB35D2715DA2100271907 /* Models */ = {
			isa = PBXGroup;
			children = (
				BDFBB3642715DA7300271907 /* ModelEmpty.swift */,
			);
			path = Models;
			sourceTree = "<group>";
		};
		BDFBB35E2715DA2B00271907 /* ViewModels */ = {
			isa = PBXGroup;
			children = (
				BDFBB3662715DA7A00271907 /* ViewModelEmpty.swift */,
			);
			path = ViewModels;
			sourceTree = "<group>";
		};
		BDFBB35F2715DA4400271907 /* Screens */ = {
			isa = PBXGroup;
			children = (
				BDFBB35427158DC100271907 /* Storyboards */,
				BDFBB35327158DBD00271907 /* Controllers */,
			);
			path = Screens;
			sourceTree = "<group>";
		};
/* End PBXGroup section */

/* Begin PBXNativeTarget section */
		BDFBB33827158D4500271907 /* Unsplash-WithRxSwift */ = {
			isa = PBXNativeTarget;
			buildConfigurationList = BDFBB34D27158D4700271907 /* Build configuration list for PBXNativeTarget "Unsplash-WithRxSwift" */;
			buildPhases = (
				8E6048D6DEAC9CE00A8DAEF3 /* [CP] Check Pods Manifest.lock */,
				BDFBB33527158D4500271907 /* Sources */,
				BDFBB33627158D4500271907 /* Frameworks */,
				BDFBB33727158D4500271907 /* Resources */,
				FA519E2C44779BBCA87D48A2 /* [CP] Embed Pods Frameworks */,
			);
			buildRules = (
			);
			dependencies = (
			);
			name = "Unsplash-WithRxSwift";
			productName = "Unsplash-WithRxSwift";
			productReference = BDFBB33927158D4500271907 /* Unsplash-WithRxSwift.app */;
			productType = "com.apple.product-type.application";
		};
/* End PBXNativeTarget section */

/* Begin PBXProject section */
		BDFBB33127158D4500271907 /* Project object */ = {
			isa = PBXProject;
			attributes = {
				BuildIndependentTargetsInParallel = 1;
				LastSwiftUpdateCheck = 1300;
				LastUpgradeCheck = 1300;
				TargetAttributes = {
					BDFBB33827158D4500271907 = {
						CreatedOnToolsVersion = 13.0;
					};
				};
			};
			buildConfigurationList = BDFBB33427158D4500271907 /* Build configuration list for PBXProject "Unsplash-WithRxSwift" */;
			compatibilityVersion = "Xcode 13.0";
			developmentRegion = en;
			hasScannedForEncodings = 0;
			knownRegions = (
				en,
				Base,
			);
			mainGroup = BDFBB33027158D4500271907;
			productRefGroup = BDFBB33A27158D4500271907 /* Products */;
			projectDirPath = "";
			projectRoot = "";
			targets = (
				BDFBB33827158D4500271907 /* Unsplash-WithRxSwift */,
			);
		};
/* End PBXProject section */

/* Begin PBXResourcesBuildPhase section */
		BDFBB33727158D4500271907 /* Resources */ = {
			isa = PBXResourcesBuildPhase;
			buildActionMask = 2147483647;
			files = (
				BDFBB3582715D8EC00271907 /* MainStoryboard.storyboard in Resources */,
				BDFBB34927158D4700271907 /* LaunchScreen.storyboard in Resources */,
				BDFBB34627158D4700271907 /* Assets.xcassets in Resources */,
			);
			runOnlyForDeploymentPostprocessing = 0;
		};
/* End PBXResourcesBuildPhase section */

/* Begin PBXShellScriptBuildPhase section */
		8E6048D6DEAC9CE00A8DAEF3 /* [CP] Check Pods Manifest.lock */ = {
			isa = PBXShellScriptBuildPhase;
			buildActionMask = 2147483647;
			files = (
			);
			inputFileListPaths = (
			);
			inputPaths = (
				"${PODS_PODFILE_DIR_PATH}/Podfile.lock",
				"${PODS_ROOT}/Manifest.lock",
			);
			name = "[CP] Check Pods Manifest.lock";
			outputFileListPaths = (
			);
			outputPaths = (
				"$(DERIVED_FILE_DIR)/Pods-Unsplash-WithRxSwift-checkManifestLockResult.txt",
			);
			runOnlyForDeploymentPostprocessing = 0;
			shellPath = /bin/sh;
			shellScript = "diff \"${PODS_PODFILE_DIR_PATH}/Podfile.lock\" \"${PODS_ROOT}/Manifest.lock\" > /dev/null\nif [ $? != 0 ] ; then\n    # print error to STDERR\n    echo \"error: The sandbox is not in sync with the Podfile.lock. Run 'pod install' or update your CocoaPods installation.\" >&2\n    exit 1\nfi\n# This output is used by Xcode 'outputs' to avoid re-running this script phase.\necho \"SUCCESS\" > \"${SCRIPT_OUTPUT_FILE_0}\"\n";
			showEnvVarsInLog = 0;
		};
		FA519E2C44779BBCA87D48A2 /* [CP] Embed Pods Frameworks */ = {
			isa = PBXShellScriptBuildPhase;
			buildActionMask = 2147483647;
			files = (
			);
			inputFileListPaths = (
				"${PODS_ROOT}/Target Support Files/Pods-Unsplash-WithRxSwift/Pods-Unsplash-WithRxSwift-frameworks-${CONFIGURATION}-input-files.xcfilelist",
			);
			name = "[CP] Embed Pods Frameworks";
			outputFileListPaths = (
				"${PODS_ROOT}/Target Support Files/Pods-Unsplash-WithRxSwift/Pods-Unsplash-WithRxSwift-frameworks-${CONFIGURATION}-output-files.xcfilelist",
			);
			runOnlyForDeploymentPostprocessing = 0;
			shellPath = /bin/sh;
			shellScript = "\"${PODS_ROOT}/Target Support Files/Pods-Unsplash-WithRxSwift/Pods-Unsplash-WithRxSwift-frameworks.sh\"\n";
			showEnvVarsInLog = 0;
		};
/* End PBXShellScriptBuildPhase section */

/* Begin PBXSourcesBuildPhase section */
		BDFBB33527158D4500271907 /* Sources */ = {
			isa = PBXSourcesBuildPhase;
			buildActionMask = 2147483647;
			files = (
				BDFBB35A2715D8FC00271907 /* MainViewController.swift in Sources */,
				BDFBB3632715DA6C00271907 /* ViewEmpty.swift in Sources */,
				BDFBB33D27158D4500271907 /* AppDelegate.swift in Sources */,
				BDFBB33F27158D4500271907 /* SceneDelegate.swift in Sources */,
				BDFBB3612715DA6400271907 /* ExtensionEmpty.swift in Sources */,
				BDFBB3672715DA7A00271907 /* ViewModelEmpty.swift in Sources */,
				BDFBB3652715DA7400271907 /* ModelEmpty.swift in Sources */,
			);
			runOnlyForDeploymentPostprocessing = 0;
		};
/* End PBXSourcesBuildPhase section */

/* Begin PBXVariantGroup section */
		BDFBB34727158D4700271907 /* LaunchScreen.storyboard */ = {
			isa = PBXVariantGroup;
			children = (
				BDFBB34827158D4700271907 /* Base */,
			);
			name = LaunchScreen.storyboard;
			sourceTree = "<group>";
		};
/* End PBXVariantGroup section */

/* Begin XCBuildConfiguration section */
		BDFBB34B27158D4700271907 /* Debug */ = {
			isa = XCBuildConfiguration;
			buildSettings = {
				ALWAYS_SEARCH_USER_PATHS = NO;
				CLANG_ANALYZER_NONNULL = YES;
				CLANG_ANALYZER_NUMBER_OBJECT_CONVERSION = YES_AGGRESSIVE;
				CLANG_CXX_LANGUAGE_STANDARD = "gnu++17";
				CLANG_CXX_LIBRARY = "libc++";
				CLANG_ENABLE_MODULES = YES;
				CLANG_ENABLE_OBJC_ARC = YES;
				CLANG_ENABLE_OBJC_WEAK = YES;
				CLANG_WARN_BLOCK_CAPTURE_AUTORELEASING = YES;
				CLANG_WARN_BOOL_CONVERSION = YES;
				CLANG_WARN_COMMA = YES;
				CLANG_WARN_CONSTANT_CONVERSION = YES;
				CLANG_WARN_DEPRECATED_OBJC_IMPLEMENTATIONS = YES;
				CLANG_WARN_DIRECT_OBJC_ISA_USAGE = YES_ERROR;
				CLANG_WARN_DOCUMENTATION_COMMENTS = YES;
				CLANG_WARN_EMPTY_BODY = YES;
				CLANG_WARN_ENUM_CONVERSION = YES;
				CLANG_WARN_INFINITE_RECURSION = YES;
				CLANG_WARN_INT_CONVERSION = YES;
				CLANG_WARN_NON_LITERAL_NULL_CONVERSION = YES;
				CLANG_WARN_OBJC_IMPLICIT_RETAIN_SELF = YES;
				CLANG_WARN_OBJC_LITERAL_CONVERSION = YES;
				CLANG_WARN_OBJC_ROOT_CLASS = YES_ERROR;
				CLANG_WARN_QUOTED_INCLUDE_IN_FRAMEWORK_HEADER = YES;
				CLANG_WARN_RANGE_LOOP_ANALYSIS = YES;
				CLANG_WARN_STRICT_PROTOTYPES = YES;
				CLANG_WARN_SUSPICIOUS_MOVE = YES;
				CLANG_WARN_UNGUARDED_AVAILABILITY = YES_AGGRESSIVE;
				CLANG_WARN_UNREACHABLE_CODE = YES;
				CLANG_WARN__DUPLICATE_METHOD_MATCH = YES;
				COPY_PHASE_STRIP = NO;
				DEBUG_INFORMATION_FORMAT = dwarf;
				ENABLE_STRICT_OBJC_MSGSEND = YES;
				ENABLE_TESTABILITY = YES;
				GCC_C_LANGUAGE_STANDARD = gnu11;
				GCC_DYNAMIC_NO_PIC = NO;
				GCC_NO_COMMON_BLOCKS = YES;
				GCC_OPTIMIZATION_LEVEL = 0;
				GCC_PREPROCESSOR_DEFINITIONS = (
					"DEBUG=1",
					"$(inherited)",
				);
				GCC_WARN_64_TO_32_BIT_CONVERSION = YES;
				GCC_WARN_ABOUT_RETURN_TYPE = YES_ERROR;
				GCC_WARN_UNDECLARED_SELECTOR = YES;
				GCC_WARN_UNINITIALIZED_AUTOS = YES_AGGRESSIVE;
				GCC_WARN_UNUSED_FUNCTION = YES;
				GCC_WARN_UNUSED_VARIABLE = YES;
				IPHONEOS_DEPLOYMENT_TARGET = 13.0;
				MTL_ENABLE_DEBUG_INFO = INCLUDE_SOURCE;
				MTL_FAST_MATH = YES;
				ONLY_ACTIVE_ARCH = YES;
				SDKROOT = iphoneos;
				SWIFT_ACTIVE_COMPILATION_CONDITIONS = DEBUG;
				SWIFT_OPTIMIZATION_LEVEL = "-Onone";
			};
			name = Debug;
		};
		BDFBB34C27158D4700271907 /* Release */ = {
			isa = XCBuildConfiguration;
			buildSettings = {
				ALWAYS_SEARCH_USER_PATHS = NO;
				CLANG_ANALYZER_NONNULL = YES;
				CLANG_ANALYZER_NUMBER_OBJECT_CONVERSION = YES_AGGRESSIVE;
				CLANG_CXX_LANGUAGE_STANDARD = "gnu++17";
				CLANG_CXX_LIBRARY = "libc++";
				CLANG_ENABLE_MODULES = YES;
				CLANG_ENABLE_OBJC_ARC = YES;
				CLANG_ENABLE_OBJC_WEAK = YES;
				CLANG_WARN_BLOCK_CAPTURE_AUTORELEASING = YES;
				CLANG_WARN_BOOL_CONVERSION = YES;
				CLANG_WARN_COMMA = YES;
				CLANG_WARN_CONSTANT_CONVERSION = YES;
				CLANG_WARN_DEPRECATED_OBJC_IMPLEMENTATIONS = YES;
				CLANG_WARN_DIRECT_OBJC_ISA_USAGE = YES_ERROR;
				CLANG_WARN_DOCUMENTATION_COMMENTS = YES;
				CLANG_WARN_EMPTY_BODY = YES;
				CLANG_WARN_ENUM_CONVERSION = YES;
				CLANG_WARN_INFINITE_RECURSION = YES;
				CLANG_WARN_INT_CONVERSION = YES;
				CLANG_WARN_NON_LITERAL_NULL_CONVERSION = YES;
				CLANG_WARN_OBJC_IMPLICIT_RETAIN_SELF = YES;
				CLANG_WARN_OBJC_LITERAL_CONVERSION = YES;
				CLANG_WARN_OBJC_ROOT_CLASS = YES_ERROR;
				CLANG_WARN_QUOTED_INCLUDE_IN_FRAMEWORK_HEADER = YES;
				CLANG_WARN_RANGE_LOOP_ANALYSIS = YES;
				CLANG_WARN_STRICT_PROTOTYPES = YES;
				CLANG_WARN_SUSPICIOUS_MOVE = YES;
				CLANG_WARN_UNGUARDED_AVAILABILITY = YES_AGGRESSIVE;
				CLANG_WARN_UNREACHABLE_CODE = YES;
				CLANG_WARN__DUPLICATE_METHOD_MATCH = YES;
				COPY_PHASE_STRIP = NO;
				DEBUG_INFORMATION_FORMAT = "dwarf-with-dsym";
				ENABLE_NS_ASSERTIONS = NO;
				ENABLE_STRICT_OBJC_MSGSEND = YES;
				GCC_C_LANGUAGE_STANDARD = gnu11;
				GCC_NO_COMMON_BLOCKS = YES;
				GCC_WARN_64_TO_32_BIT_CONVERSION = YES;
				GCC_WARN_ABOUT_RETURN_TYPE = YES_ERROR;
				GCC_WARN_UNDECLARED_SELECTOR = YES;
				GCC_WARN_UNINITIALIZED_AUTOS = YES_AGGRESSIVE;
				GCC_WARN_UNUSED_FUNCTION = YES;
				GCC_WARN_UNUSED_VARIABLE = YES;
				IPHONEOS_DEPLOYMENT_TARGET = 13.0;
				MTL_ENABLE_DEBUG_INFO = NO;
				MTL_FAST_MATH = YES;
				SDKROOT = iphoneos;
				SWIFT_COMPILATION_MODE = wholemodule;
				SWIFT_OPTIMIZATION_LEVEL = "-O";
				VALIDATE_PRODUCT = YES;
			};
			name = Release;
		};
		BDFBB34E27158D4700271907 /* Debug */ = {
			isa = XCBuildConfiguration;
			baseConfigurationReference = F1DE6D184DDDF22ABAA61FFF /* Pods-Unsplash-WithRxSwift.debug.xcconfig */;
			buildSettings = {
				ASSETCATALOG_COMPILER_APPICON_NAME = AppIcon;
				ASSETCATALOG_COMPILER_GLOBAL_ACCENT_COLOR_NAME = AccentColor;
				CODE_SIGN_STYLE = Automatic;
				CURRENT_PROJECT_VERSION = 1;
				DEVELOPMENT_TEAM = W895YM7ZMH;
				GENERATE_INFOPLIST_FILE = YES;
				INFOPLIST_FILE = "Unsplash-WithRxSwift/Supports/Info.plist";
				INFOPLIST_KEY_UIApplicationSupportsIndirectInputEvents = YES;
				INFOPLIST_KEY_UILaunchStoryboardName = LaunchScreen;
				INFOPLIST_KEY_UISupportedInterfaceOrientations_iPad = "UIInterfaceOrientationPortrait UIInterfaceOrientationPortraitUpsideDown UIInterfaceOrientationLandscapeLeft UIInterfaceOrientationLandscapeRight";
				INFOPLIST_KEY_UISupportedInterfaceOrientations_iPhone = "UIInterfaceOrientationPortrait UIInterfaceOrientationLandscapeLeft UIInterfaceOrientationLandscapeRight";
				IPHONEOS_DEPLOYMENT_TARGET = 13.0;
				LD_RUNPATH_SEARCH_PATHS = (
					"$(inherited)",
					"@executable_path/Frameworks",
				);
				MARKETING_VERSION = 1.0;
				PRODUCT_BUNDLE_IDENTIFIER = "com.taekki.dev.Unsplash-WithRxSwift";
				PRODUCT_NAME = "$(TARGET_NAME)";
				SWIFT_EMIT_LOC_STRINGS = YES;
				SWIFT_VERSION = 5.0;
				TARGETED_DEVICE_FAMILY = 1;
			};
			name = Debug;
		};
		BDFBB34F27158D4700271907 /* Release */ = {
			isa = XCBuildConfiguration;
			baseConfigurationReference = B9866AD2817E93F934EEC035 /* Pods-Unsplash-WithRxSwift.release.xcconfig */;
			buildSettings = {
				ASSETCATALOG_COMPILER_APPICON_NAME = AppIcon;
				ASSETCATALOG_COMPILER_GLOBAL_ACCENT_COLOR_NAME = AccentColor;
				CODE_SIGN_STYLE = Automatic;
				CURRENT_PROJECT_VERSION = 1;
				DEVELOPMENT_TEAM = W895YM7ZMH;
				GENERATE_INFOPLIST_FILE = YES;
				INFOPLIST_FILE = "Unsplash-WithRxSwift/Supports/Info.plist";
				INFOPLIST_KEY_UIApplicationSupportsIndirectInputEvents = YES;
				INFOPLIST_KEY_UILaunchStoryboardName = LaunchScreen;
				INFOPLIST_KEY_UISupportedInterfaceOrientations_iPad = "UIInterfaceOrientationPortrait UIInterfaceOrientationPortraitUpsideDown UIInterfaceOrientationLandscapeLeft UIInterfaceOrientationLandscapeRight";
				INFOPLIST_KEY_UISupportedInterfaceOrientations_iPhone = "UIInterfaceOrientationPortrait UIInterfaceOrientationLandscapeLeft UIInterfaceOrientationLandscapeRight";
				IPHONEOS_DEPLOYMENT_TARGET = 13.0;
				LD_RUNPATH_SEARCH_PATHS = (
					"$(inherited)",
					"@executable_path/Frameworks",
				);
				MARKETING_VERSION = 1.0;
				PRODUCT_BUNDLE_IDENTIFIER = "com.taekki.dev.Unsplash-WithRxSwift";
				PRODUCT_NAME = "$(TARGET_NAME)";
				SWIFT_EMIT_LOC_STRINGS = YES;
				SWIFT_VERSION = 5.0;
				TARGETED_DEVICE_FAMILY = 1;
			};
			name = Release;
		};
/* End XCBuildConfiguration section */

/* Begin XCConfigurationList section */
		BDFBB33427158D4500271907 /* Build configuration list for PBXProject "Unsplash-WithRxSwift" */ = {
			isa = XCConfigurationList;
			buildConfigurations = (
				BDFBB34B27158D4700271907 /* Debug */,
				BDFBB34C27158D4700271907 /* Release */,
			);
			defaultConfigurationIsVisible = 0;
			defaultConfigurationName = Release;
		};
		BDFBB34D27158D4700271907 /* Build configuration list for PBXNativeTarget "Unsplash-WithRxSwift" */ = {
			isa = XCConfigurationList;
			buildConfigurations = (
				BDFBB34E27158D4700271907 /* Debug */,
				BDFBB34F27158D4700271907 /* Release */,
			);
			defaultConfigurationIsVisible = 0;
			defaultConfigurationName = Release;
		};
/* End XCConfigurationList section */
	};
	rootObject = BDFBB33127158D4500271907 /* Project object */;
}
